{
  "originHash" : "819d95559cf1d5f00064a404405cd68c318f9acdd67fbec50935bb07f9a621d2",
  "pins" : [
    {
      "identity" : "corekit",
      "kind" : "remoteSourceControl",
      "location" : "https://github.com/TimurkaevMalik/CoreKit.git",
      "state" : {
        "revision" : "41e2c8bca4dafd1f16689e115b5386c36766542a",
        "version" : "2.1.0"
      }
    },
    {
      "identity" : "keychainstoragekit",
      "kind" : "remoteSourceControl",
      "location" : "https://github.com/TimurkaevMalik/KeychainStorageKit.git",
      "state" : {
        "revision" : "87054d491ab887317e10c088c46fac882e2694c9",
        "version" : "1.1.3"
      }
    },
    {
      "identity" : "loggingkit",
      "kind" : "remoteSourceControl",
      "location" : "https://github.com/TimurkaevMalik/LoggingKit.git",
      "state" : {
        "revision" : "0556c04f2bb0a62bd521a06288656b0f013f1825",
        "version" : "1.1.1"
      }
    },
    {
      "identity" : "snapkit",
      "kind" : "remoteSourceControl",
      "location" : "https://github.com/SnapKit/SnapKit.git",
      "state" : {
        "revision" : "2842e6e84e82eb9a8dac0100ca90d9444b0307f4",
        "version" : "5.7.1"
      }
    },
    {
      "identity" : "unspauthorization",
      "kind" : "remoteSourceControl",
      "location" : "https://github.com/TimurkaevMalik/UnspAuthorization.git",
      "state" : {
        "branch" : "master",
        "revision" : "bdcf8677a3e64b0b0bad285daee13196ecc8e8a0"
      }
    },
    {
      "identity" : "valet",
      "kind" : "remoteSourceControl",
      "location" : "https://github.com/square/Valet.git",
      "state" : {
        "revision" : "05c9e514fbd352a6866877ca31326b4e0b7d6d01",
        "version" : "5.0.0"
      }
    }
  ],
  "version" : 3
}
